
Microsoft Visual Studio Solution File, Format Version 12.00
# Visual Studio Version 17
VisualStudioVersion = 17.1.32407.343
MinimumVisualStudioVersion = 10.0.40219.1
Project("{9A19103F-16F7-4668-BE54-9A1E7A4F7556}") = "Practic1", "Practics\Practic1.csproj", "{012D4B87-BE43-40D5-A8DD-C684B26319B1}"
EndProject
Project("{9A19103F-16F7-4668-BE54-9A1E7A4F7556}") = "Practic2", "Practic2\Practic2.csproj", "{D36FC96D-00D1-4C57-959C-1DC2E2CAF85B}"
EndProject
Project("{FAE04EC0-301F-11D3-BF4B-00C04F79EFBC}") = "Practic3", "Pracic3\Practic3.csproj", "{413ADEBE-140F-43EC-A59E-682C5B92F037}"
EndProject
Project("{9A19103F-16F7-4668-BE54-9A1E7A4F7556}") = "Practic4", "Practic4\Practic4.csproj", "{330F8ACF-3670-41E8-9904-47E4F7BAF3FD}"
EndProject
Project("{9A19103F-16F7-4668-BE54-9A1E7A4F7556}") = "Practic5", "Practic5\Practic5.csproj", "{5689188D-9641-4945-AADD-C4079E74D7D0}"
EndProject
Project("{9A19103F-16F7-4668-BE54-9A1E7A4F7556}") = "Practic6", "Practic6\Practic6.csproj", "{B01AF4B8-CDE0-47F8-9BC5-D836DA2022CB}"
EndProject
Project("{9A19103F-16F7-4668-BE54-9A1E7A4F7556}") = "Practic6_Client", "Practic6_Client\Practic6_Client.csproj", "{CABCEF45-558A-45CF-9781-5E2D9D811F3A}"
EndProject
Project("{9A19103F-16F7-4668-BE54-9A1E7A4F7556}") = "Practic7", "Practic7\Practic7.csproj", "{AFA53031-8AE8-4510-8CD4-5E2EC74FB3D0}"
EndProject
Project("{9A19103F-16F7-4668-BE54-9A1E7A4F7556}") = "Practic8", "Practic8\Practic8.csproj", "{1BAD776E-6A65-417E-9FE7-FB1A32D883CE}"
EndProject
Project("{9A19103F-16F7-4668-BE54-9A1E7A4F7556}") = "Practic9", "Practic9\Practic9.csproj", "{13401C98-FDA4-47E0-A862-65157A27500E}"
EndProject
Project("{9A19103F-16F7-4668-BE54-9A1E7A4F7556}") = "Practic10", "Practic10\Practic10.csproj", "{974F2FF3-CD59-4697-A62D-410B79E8CFD2}"
EndProject
Project("{FAE04EC0-301F-11D3-BF4B-00C04F79EFBC}") = "Practic11", "Practic11\Practic11.csproj", "{EA1F5521-01F8-4920-B625-2319537262FC}"
EndProject
Project("{FAE04EC0-301F-11D3-BF4B-00C04F79EFBC}") = "Practic12", "Practic12\Practic12.csproj", "{DBA455E7-9EF3-4CE3-982E-78AD1F3439CC}"
EndProject
Project("{FAE04EC0-301F-11D3-BF4B-00C04F79EFBC}") = "Practic13", "Practic13\Practic13.csproj", "{7682EACD-A35E-45E3-99DE-96677CAD9F5C}"
EndProject
Project("{FAE04EC0-301F-11D3-BF4B-00C04F79EFBC}") = "Practic14", "Practic14\Practic14.csproj", "{C841BBF3-87EB-427A-AF62-F004DD957F81}"
EndProject
Project("{FAE04EC0-301F-11D3-BF4B-00C04F79EFBC}") = "Practic15", "Practic15\Practic15.csproj", "{0AF5903E-AC39-417D-B176-155BEC9D7A5F}"
EndProject
Project("{9A19103F-16F7-4668-BE54-9A1E7A4F7556}") = "AbstractFactory", "AbstractFactory\AbstractFactory.csproj", "{AC960D46-5C83-4F9B-A814-94F4836F05BE}"
EndProject
Project("{FAE04EC0-301F-11D3-BF4B-00C04F79EFBC}") = "Builder", "Builder\Builder.csproj", "{51B98054-2224-4F3E-8EEC-D3A928EDB140}"
EndProject
Project("{FAE04EC0-301F-11D3-BF4B-00C04F79EFBC}") = "FactoryMethod", "FactoryMethod\FactoryMethod.csproj", "{3B183792-0546-4A0F-B643-613C1A10907F}"
EndProject
Project("{FAE04EC0-301F-11D3-BF4B-00C04F79EFBC}") = "Prototype", "Prototype\Prototype.csproj", "{7506EE72-64E9-44B4-9E44-D99484E39647}"
EndProject
Project("{FAE04EC0-301F-11D3-BF4B-00C04F79EFBC}") = "Singleton", "Singleton\Singleton.csproj", "{1A535AC3-FBE9-4F0C-B687-2DA1B3BAF3BD}"
EndProject
Project("{FAE04EC0-301F-11D3-BF4B-00C04F79EFBC}") = "Adapter", "Adapter\Adapter.csproj", "{11303F82-3356-4AA5-86FE-68930BB263DC}"
EndProject
Project("{FAE04EC0-301F-11D3-BF4B-00C04F79EFBC}") = "Bridge", "Bridge\Bridge.csproj", "{931BAFA6-45DF-4FB0-A969-7FAC5C7A28BB}"
EndProject
Project("{FAE04EC0-301F-11D3-BF4B-00C04F79EFBC}") = "Composite", "Composite\Composite.csproj", "{B738CF40-1F9B-448E-A6CB-8171ECA0FAD9}"
EndProject
Project("{FAE04EC0-301F-11D3-BF4B-00C04F79EFBC}") = "Decorator", "Decorator\Decorator.csproj", "{C0314D33-7E6C-406A-9A21-FC65241AB706}"
EndProject
Project("{FAE04EC0-301F-11D3-BF4B-00C04F79EFBC}") = "Facade", "Facade\Facade.csproj", "{9DEF5242-5710-471E-B732-F15B38D762A1}"
EndProject
Project("{FAE04EC0-301F-11D3-BF4B-00C04F79EFBC}") = "Flyweight", "Flyweight\Flyweight.csproj", "{45C0E045-9B7C-4473-8ED7-29A4FB50F13D}"
EndProject
Global
	GlobalSection(SolutionConfigurationPlatforms) = preSolution
		Debug|Any CPU = Debug|Any CPU
		Release|Any CPU = Release|Any CPU
	EndGlobalSection
	GlobalSection(ProjectConfigurationPlatforms) = postSolution
		{012D4B87-BE43-40D5-A8DD-C684B26319B1}.Debug|Any CPU.ActiveCfg = Debug|Any CPU
		{012D4B87-BE43-40D5-A8DD-C684B26319B1}.Debug|Any CPU.Build.0 = Debug|Any CPU
		{012D4B87-BE43-40D5-A8DD-C684B26319B1}.Release|Any CPU.ActiveCfg = Release|Any CPU
		{012D4B87-BE43-40D5-A8DD-C684B26319B1}.Release|Any CPU.Build.0 = Release|Any CPU
		{D36FC96D-00D1-4C57-959C-1DC2E2CAF85B}.Debug|Any CPU.ActiveCfg = Debug|Any CPU
		{D36FC96D-00D1-4C57-959C-1DC2E2CAF85B}.Debug|Any CPU.Build.0 = Debug|Any CPU
		{D36FC96D-00D1-4C57-959C-1DC2E2CAF85B}.Release|Any CPU.ActiveCfg = Release|Any CPU
		{D36FC96D-00D1-4C57-959C-1DC2E2CAF85B}.Release|Any CPU.Build.0 = Release|Any CPU
		{413ADEBE-140F-43EC-A59E-682C5B92F037}.Debug|Any CPU.ActiveCfg = Debug|Any CPU
		{413ADEBE-140F-43EC-A59E-682C5B92F037}.Debug|Any CPU.Build.0 = Debug|Any CPU
		{413ADEBE-140F-43EC-A59E-682C5B92F037}.Release|Any CPU.ActiveCfg = Release|Any CPU
		{413ADEBE-140F-43EC-A59E-682C5B92F037}.Release|Any CPU.Build.0 = Release|Any CPU
		{330F8ACF-3670-41E8-9904-47E4F7BAF3FD}.Debug|Any CPU.ActiveCfg = Debug|Any CPU
		{330F8ACF-3670-41E8-9904-47E4F7BAF3FD}.Debug|Any CPU.Build.0 = Debug|Any CPU
		{330F8ACF-3670-41E8-9904-47E4F7BAF3FD}.Release|Any CPU.ActiveCfg = Release|Any CPU
		{330F8ACF-3670-41E8-9904-47E4F7BAF3FD}.Release|Any CPU.Build.0 = Release|Any CPU
		{5689188D-9641-4945-AADD-C4079E74D7D0}.Debug|Any CPU.ActiveCfg = Debug|Any CPU
		{5689188D-9641-4945-AADD-C4079E74D7D0}.Debug|Any CPU.Build.0 = Debug|Any CPU
		{5689188D-9641-4945-AADD-C4079E74D7D0}.Release|Any CPU.ActiveCfg = Release|Any CPU
		{5689188D-9641-4945-AADD-C4079E74D7D0}.Release|Any CPU.Build.0 = Release|Any CPU
		{B01AF4B8-CDE0-47F8-9BC5-D836DA2022CB}.Debug|Any CPU.ActiveCfg = Debug|Any CPU
		{B01AF4B8-CDE0-47F8-9BC5-D836DA2022CB}.Debug|Any CPU.Build.0 = Debug|Any CPU
		{B01AF4B8-CDE0-47F8-9BC5-D836DA2022CB}.Release|Any CPU.ActiveCfg = Release|Any CPU
		{B01AF4B8-CDE0-47F8-9BC5-D836DA2022CB}.Release|Any CPU.Build.0 = Release|Any CPU
		{CABCEF45-558A-45CF-9781-5E2D9D811F3A}.Debug|Any CPU.ActiveCfg = Debug|Any CPU
		{CABCEF45-558A-45CF-9781-5E2D9D811F3A}.Debug|Any CPU.Build.0 = Debug|Any CPU
		{CABCEF45-558A-45CF-9781-5E2D9D811F3A}.Release|Any CPU.ActiveCfg = Release|Any CPU
		{CABCEF45-558A-45CF-9781-5E2D9D811F3A}.Release|Any CPU.Build.0 = Release|Any CPU
		{AFA53031-8AE8-4510-8CD4-5E2EC74FB3D0}.Debug|Any CPU.ActiveCfg = Debug|Any CPU
		{AFA53031-8AE8-4510-8CD4-5E2EC74FB3D0}.Debug|Any CPU.Build.0 = Debug|Any CPU
		{AFA53031-8AE8-4510-8CD4-5E2EC74FB3D0}.Release|Any CPU.ActiveCfg = Release|Any CPU
		{AFA53031-8AE8-4510-8CD4-5E2EC74FB3D0}.Release|Any CPU.Build.0 = Release|Any CPU
		{1BAD776E-6A65-417E-9FE7-FB1A32D883CE}.Debug|Any CPU.ActiveCfg = Debug|Any CPU
		{1BAD776E-6A65-417E-9FE7-FB1A32D883CE}.Debug|Any CPU.Build.0 = Debug|Any CPU
		{1BAD776E-6A65-417E-9FE7-FB1A32D883CE}.Release|Any CPU.ActiveCfg = Release|Any CPU
		{1BAD776E-6A65-417E-9FE7-FB1A32D883CE}.Release|Any CPU.Build.0 = Release|Any CPU
		{13401C98-FDA4-47E0-A862-65157A27500E}.Debug|Any CPU.ActiveCfg = Debug|Any CPU
		{13401C98-FDA4-47E0-A862-65157A27500E}.Debug|Any CPU.Build.0 = Debug|Any CPU
		{13401C98-FDA4-47E0-A862-65157A27500E}.Release|Any CPU.ActiveCfg = Release|Any CPU
		{13401C98-FDA4-47E0-A862-65157A27500E}.Release|Any CPU.Build.0 = Release|Any CPU
		{974F2FF3-CD59-4697-A62D-410B79E8CFD2}.Debug|Any CPU.ActiveCfg = Debug|Any CPU
		{974F2FF3-CD59-4697-A62D-410B79E8CFD2}.Debug|Any CPU.Build.0 = Debug|Any CPU
		{974F2FF3-CD59-4697-A62D-410B79E8CFD2}.Release|Any CPU.ActiveCfg = Release|Any CPU
		{974F2FF3-CD59-4697-A62D-410B79E8CFD2}.Release|Any CPU.Build.0 = Release|Any CPU
		{EA1F5521-01F8-4920-B625-2319537262FC}.Debug|Any CPU.ActiveCfg = Debug|Any CPU
		{EA1F5521-01F8-4920-B625-2319537262FC}.Debug|Any CPU.Build.0 = Debug|Any CPU
		{EA1F5521-01F8-4920-B625-2319537262FC}.Release|Any CPU.ActiveCfg = Release|Any CPU
		{EA1F5521-01F8-4920-B625-2319537262FC}.Release|Any CPU.Build.0 = Release|Any CPU
		{DBA455E7-9EF3-4CE3-982E-78AD1F3439CC}.Debug|Any CPU.ActiveCfg = Debug|Any CPU
		{DBA455E7-9EF3-4CE3-982E-78AD1F3439CC}.Debug|Any CPU.Build.0 = Debug|Any CPU
		{DBA455E7-9EF3-4CE3-982E-78AD1F3439CC}.Release|Any CPU.ActiveCfg = Release|Any CPU
		{DBA455E7-9EF3-4CE3-982E-78AD1F3439CC}.Release|Any CPU.Build.0 = Release|Any CPU
		{7682EACD-A35E-45E3-99DE-96677CAD9F5C}.Debug|Any CPU.ActiveCfg = Debug|Any CPU
		{7682EACD-A35E-45E3-99DE-96677CAD9F5C}.Debug|Any CPU.Build.0 = Debug|Any CPU
		{7682EACD-A35E-45E3-99DE-96677CAD9F5C}.Release|Any CPU.ActiveCfg = Release|Any CPU
		{7682EACD-A35E-45E3-99DE-96677CAD9F5C}.Release|Any CPU.Build.0 = Release|Any CPU
		{C841BBF3-87EB-427A-AF62-F004DD957F81}.Debug|Any CPU.ActiveCfg = Debug|Any CPU
		{C841BBF3-87EB-427A-AF62-F004DD957F81}.Debug|Any CPU.Build.0 = Debug|Any CPU
		{C841BBF3-87EB-427A-AF62-F004DD957F81}.Release|Any CPU.ActiveCfg = Release|Any CPU
		{C841BBF3-87EB-427A-AF62-F004DD957F81}.Release|Any CPU.Build.0 = Release|Any CPU
		{0AF5903E-AC39-417D-B176-155BEC9D7A5F}.Debug|Any CPU.ActiveCfg = Debug|Any CPU
		{0AF5903E-AC39-417D-B176-155BEC9D7A5F}.Debug|Any CPU.Build.0 = Debug|Any CPU
		{0AF5903E-AC39-417D-B176-155BEC9D7A5F}.Release|Any CPU.ActiveCfg = Release|Any CPU
		{0AF5903E-AC39-417D-B176-155BEC9D7A5F}.Release|Any CPU.Build.0 = Release|Any CPU
		{AC960D46-5C83-4F9B-A814-94F4836F05BE}.Debug|Any CPU.ActiveCfg = Debug|Any CPU
		{AC960D46-5C83-4F9B-A814-94F4836F05BE}.Debug|Any CPU.Build.0 = Debug|Any CPU
		{AC960D46-5C83-4F9B-A814-94F4836F05BE}.Release|Any CPU.ActiveCfg = Release|Any CPU
		{AC960D46-5C83-4F9B-A814-94F4836F05BE}.Release|Any CPU.Build.0 = Release|Any CPU
		{51B98054-2224-4F3E-8EEC-D3A928EDB140}.Debug|Any CPU.ActiveCfg = Debug|Any CPU
		{51B98054-2224-4F3E-8EEC-D3A928EDB140}.Debug|Any CPU.Build.0 = Debug|Any CPU
		{51B98054-2224-4F3E-8EEC-D3A928EDB140}.Release|Any CPU.ActiveCfg = Release|Any CPU
		{51B98054-2224-4F3E-8EEC-D3A928EDB140}.Release|Any CPU.Build.0 = Release|Any CPU
		{3B183792-0546-4A0F-B643-613C1A10907F}.Debug|Any CPU.ActiveCfg = Debug|Any CPU
		{3B183792-0546-4A0F-B643-613C1A10907F}.Debug|Any CPU.Build.0 = Debug|Any CPU
		{3B183792-0546-4A0F-B643-613C1A10907F}.Release|Any CPU.ActiveCfg = Release|Any CPU
		{3B183792-0546-4A0F-B643-613C1A10907F}.Release|Any CPU.Build.0 = Release|Any CPU
		{7506EE72-64E9-44B4-9E44-D99484E39647}.Debug|Any CPU.ActiveCfg = Debug|Any CPU
		{7506EE72-64E9-44B4-9E44-D99484E39647}.Debug|Any CPU.Build.0 = Debug|Any CPU
		{7506EE72-64E9-44B4-9E44-D99484E39647}.Release|Any CPU.ActiveCfg = Release|Any CPU
		{7506EE72-64E9-44B4-9E44-D99484E39647}.Release|Any CPU.Build.0 = Release|Any CPU
		{1A535AC3-FBE9-4F0C-B687-2DA1B3BAF3BD}.Debug|Any CPU.ActiveCfg = Debug|Any CPU
		{1A535AC3-FBE9-4F0C-B687-2DA1B3BAF3BD}.Debug|Any CPU.Build.0 = Debug|Any CPU
		{1A535AC3-FBE9-4F0C-B687-2DA1B3BAF3BD}.Release|Any CPU.ActiveCfg = Release|Any CPU
		{1A535AC3-FBE9-4F0C-B687-2DA1B3BAF3BD}.Release|Any CPU.Build.0 = Release|Any CPU
		{11303F82-3356-4AA5-86FE-68930BB263DC}.Debug|Any CPU.ActiveCfg = Debug|Any CPU
		{11303F82-3356-4AA5-86FE-68930BB263DC}.Debug|Any CPU.Build.0 = Debug|Any CPU
		{11303F82-3356-4AA5-86FE-68930BB263DC}.Release|Any CPU.ActiveCfg = Release|Any CPU
		{11303F82-3356-4AA5-86FE-68930BB263DC}.Release|Any CPU.Build.0 = Release|Any CPU
		{931BAFA6-45DF-4FB0-A969-7FAC5C7A28BB}.Debug|Any CPU.ActiveCfg = Debug|Any CPU
		{931BAFA6-45DF-4FB0-A969-7FAC5C7A28BB}.Debug|Any CPU.Build.0 = Debug|Any CPU
		{931BAFA6-45DF-4FB0-A969-7FAC5C7A28BB}.Release|Any CPU.ActiveCfg = Release|Any CPU
		{931BAFA6-45DF-4FB0-A969-7FAC5C7A28BB}.Release|Any CPU.Build.0 = Release|Any CPU
		{B738CF40-1F9B-448E-A6CB-8171ECA0FAD9}.Debug|Any CPU.ActiveCfg = Debug|Any CPU
		{B738CF40-1F9B-448E-A6CB-8171ECA0FAD9}.Debug|Any CPU.Build.0 = Debug|Any CPU
		{B738CF40-1F9B-448E-A6CB-8171ECA0FAD9}.Release|Any CPU.ActiveCfg = Release|Any CPU
		{B738CF40-1F9B-448E-A6CB-8171ECA0FAD9}.Release|Any CPU.Build.0 = Release|Any CPU
		{C0314D33-7E6C-406A-9A21-FC65241AB706}.Debug|Any CPU.ActiveCfg = Debug|Any CPU
		{C0314D33-7E6C-406A-9A21-FC65241AB706}.Debug|Any CPU.Build.0 = Debug|Any CPU
		{C0314D33-7E6C-406A-9A21-FC65241AB706}.Release|Any CPU.ActiveCfg = Release|Any CPU
		{C0314D33-7E6C-406A-9A21-FC65241AB706}.Release|Any CPU.Build.0 = Release|Any CPU
		{9DEF5242-5710-471E-B732-F15B38D762A1}.Debug|Any CPU.ActiveCfg = Debug|Any CPU
		{9DEF5242-5710-471E-B732-F15B38D762A1}.Debug|Any CPU.Build.0 = Debug|Any CPU
		{9DEF5242-5710-471E-B732-F15B38D762A1}.Release|Any CPU.ActiveCfg = Release|Any CPU
		{9DEF5242-5710-471E-B732-F15B38D762A1}.Release|Any CPU.Build.0 = Release|Any CPU
		{45C0E045-9B7C-4473-8ED7-29A4FB50F13D}.Debug|Any CPU.ActiveCfg = Debug|Any CPU
		{45C0E045-9B7C-4473-8ED7-29A4FB50F13D}.Debug|Any CPU.Build.0 = Debug|Any CPU
		{45C0E045-9B7C-4473-8ED7-29A4FB50F13D}.Release|Any CPU.ActiveCfg = Release|Any CPU
		{45C0E045-9B7C-4473-8ED7-29A4FB50F13D}.Release|Any CPU.Build.0 = Release|Any CPU
	EndGlobalSection
	GlobalSection(SolutionProperties) = preSolution
		HideSolutionNode = FALSE
	EndGlobalSection
	GlobalSection(ExtensibilityGlobals) = postSolution
		SolutionGuid = {7909FA7C-8784-4619-8D0F-E373A04C07E9}
	EndGlobalSection
EndGlobal
